// !$*UTF8*$!
{
	archiveVersion = 1;
	classes = {
	};
	objectVersion = 77;
	objects = {

/* Begin PBXContainerItemProxy section */
		CAE36E3A2CF1881F005512AB /* PBXContainerItemProxy */ = {
			isa = PBXContainerItemProxy;
			containerPortal = CAE36E1B2CF1881E005512AB /* Project object */;
			proxyType = 1;
			remoteGlobalIDString = CAE36E222CF1881E005512AB;
			remoteInfo = 2210992504_test2;
		};
		CAE36E442CF1881F005512AB /* PBXContainerItemProxy */ = {
			isa = PBXContainerItemProxy;
			containerPortal = CAE36E1B2CF1881E005512AB /* Project object */;
			proxyType = 1;
			remoteGlobalIDString = CAE36E222CF1881E005512AB;
			remoteInfo = 2210992504_test2;
		};
/* End PBXContainerItemProxy section */

/* Begin PBXFileReference section */
		CAE36E232CF1881E005512AB /* 2210992504_test2.app */ = {isa = PBXFileReference; explicitFileType = wrapper.application; includeInIndex = 0; path = 2210992504_test2.app; sourceTree = BUILT_PRODUCTS_DIR; };
		CAE36E392CF1881F005512AB /* 2210992504_test2Tests.xctest */ = {isa = PBXFileReference; explicitFileType = wrapper.cfbundle; includeInIndex = 0; path = 2210992504_test2Tests.xctest; sourceTree = BUILT_PRODUCTS_DIR; };
		CAE36E432CF1881F005512AB /* 2210992504_test2UITests.xctest */ = {isa = PBXFileReference; explicitFileType = wrapper.cfbundle; includeInIndex = 0; path = 2210992504_test2UITests.xctest; sourceTree = BUILT_PRODUCTS_DIR; };
/* End PBXFileReference section */

/* Begin PBXFileSystemSynchronizedBuildFileExceptionSet section */
		CAE36E4B2CF1881F005512AB /* Exceptions for "2210992504_test2" folder in "2210992504_test2" target */ = {
			isa = PBXFileSystemSynchronizedBuildFileExceptionSet;
			membershipExceptions = (
				Info.plist,
			);
			target = CAE36E222CF1881E005512AB /* 2210992504_test2 */;
		};
/* End PBXFileSystemSynchronizedBuildFileExceptionSet section */

/* Begin PBXFileSystemSynchronizedRootGroup section */
		CAE36E252CF1881E005512AB /* 2210992504_test2 */ = {
			isa = PBXFileSystemSynchronizedRootGroup;
			exceptions = (
				CAE36E4B2CF1881F005512AB /* Exceptions for "2210992504_test2" folder in "2210992504_test2" target */,
			);
			path = 2210992504_test2;
			sourceTree = "<group>";
		};
		CAE36E3C2CF1881F005512AB /* 2210992504_test2Tests */ = {
			isa = PBXFileSystemSynchronizedRootGroup;
			path = 2210992504_test2Tests;
			sourceTree = "<group>";
		};
		CAE36E462CF1881F005512AB /* 2210992504_test2UITests */ = {
			isa = PBXFileSystemSynchronizedRootGroup;
			path = 2210992504_test2UITests;
			sourceTree = "<group>";
		};
/* End PBXFileSystemSynchronizedRootGroup section */

/* Begin PBXFrameworksBuildPhase section */
		CAE36E202CF1881E005512AB /* Frameworks */ = {
			isa = PBXFrameworksBuildPhase;
			buildActionMask = 2147483647;
			files = (
			);
			runOnlyForDeploymentPostprocessing = 0;
		};
		CAE36E362CF1881F005512AB /* Frameworks */ = {
			isa = PBXFrameworksBuildPhase;
			buildActionMask = 2147483647;
			files = (
			);
			runOnlyForDeploymentPostprocessing = 0;
		};
		CAE36E402CF1881F005512AB /* Frameworks */ = {
			isa = PBXFrameworksBuildPhase;
			buildActionMask = 2147483647;
			files = (
			);
			runOnlyForDeploymentPostprocessing = 0;
		};
/* End PBXFrameworksBuildPhase section */

/* Begin PBXGroup section */
		CAE36E1A2CF1881E005512AB = {
			isa = PBXGroup;
			children = (
				CAE36E252CF1881E005512AB /* 2210992504_test2 */,
				CAE36E3C2CF1881F005512AB /* 2210992504_test2Tests */,
				CAE36E462CF1881F005512AB /* 2210992504_test2UITests */,
				CAE36E242CF1881E005512AB /* Products */,
			);
			sourceTree = "<group>";
		};
		CAE36E242CF1881E005512AB /* Products */ = {
			isa = PBXGroup;
			children = (
				CAE36E232CF1881E005512AB /* 2210992504_test2.app */,
				CAE36E392CF1881F005512AB /* 2210992504_test2Tests.xctest */,
				CAE36E432CF1881F005512AB /* 2210992504_test2UITests.xctest */,
			);
			name = Products;
			sourceTree = "<group>";
		};
/* End PBXGroup section */

/* Begin PBXNativeTarget section */
		CAE36E222CF1881E005512AB /* 2210992504_test2 */ = {
			isa = PBXNativeTarget;
			buildConfigurationList = CAE36E4C2CF1881F005512AB /* Build configuration list for PBXNativeTarget "2210992504_test2" */;
			buildPhases = (
				CAE36E1F2CF1881E005512AB /* Sources */,
				CAE36E202CF1881E005512AB /* Frameworks */,
				CAE36E212CF1881E005512AB /* Resources */,
			);
			buildRules = (
			);
			dependencies = (
			);
			fileSystemSynchronizedGroups = (
				CAE36E252CF1881E005512AB /* 2210992504_test2 */,
			);
			name = 2210992504_test2;
			packageProductDependencies = (
			);
			productName = 2210992504_test2;
			productReference = CAE36E232CF1881E005512AB /* 2210992504_test2.app */;
			productType = "com.apple.product-type.application";
		};
		CAE36E382CF1881F005512AB /* 2210992504_test2Tests */ = {
			isa = PBXNativeTarget;
			buildConfigurationList = CAE36E512CF1881F005512AB /* Build configuration list for PBXNativeTarget "2210992504_test2Tests" */;
			buildPhases = (
				CAE36E352CF1881F005512AB /* Sources */,
				CAE36E362CF1881F005512AB /* Frameworks */,
				CAE36E372CF1881F005512AB /* Resources */,
			);
			buildRules = (
			);
			dependencies = (
				CAE36E3B2CF1881F005512AB /* PBXTargetDependency */,
			);
			fileSystemSynchronizedGroups = (
				CAE36E3C2CF1881F005512AB /* 2210992504_test2Tests */,
			);
			name = 2210992504_test2Tests;
			packageProductDependencies = (
			);
			productName = 2210992504_test2Tests;
			productReference = CAE36E392CF1881F005512AB /* 2210992504_test2Tests.xctest */;
			productType = "com.apple.product-type.bundle.unit-test";
		};
		CAE36E422CF1881F005512AB /* 2210992504_test2UITests */ = {
			isa = PBXNativeTarget;
			buildConfigurationList = CAE36E542CF1881F005512AB /* Build configuration list for PBXNativeTarget "2210992504_test2UITests" */;
			buildPhases = (
				CAE36E3F2CF1881F005512AB /* Sources */,
				CAE36E402CF1881F005512AB /* Frameworks */,
				CAE36E412CF1881F005512AB /* Resources */,
			);
			buildRules = (
			);
			dependencies = (
				CAE36E452CF1881F005512AB /* PBXTargetDependency */,
			);
			fileSystemSynchronizedGroups = (
				CAE36E462CF1881F005512AB /* 2210992504_test2UITests */,
			);
			name = 2210992504_test2UITests;
			packageProductDependencies = (
			);
			productName = 2210992504_test2UITests;
			productReference = CAE36E432CF1881F005512AB /* 2210992504_test2UITests.xctest */;
			productType = "com.apple.product-type.bundle.ui-testing";
		};
/* End PBXNativeTarget section */

/* Begin PBXProject section */
		CAE36E1B2CF1881E005512AB /* Project object */ = {
			isa = PBXProject;
			attributes = {
				BuildIndependentTargetsInParallel = 1;
				LastSwiftUpdateCheck = 1610;
				LastUpgradeCheck = 1610;
				TargetAttributes = {
					CAE36E222CF1881E005512AB = {
						CreatedOnToolsVersion = 16.1;
					};
					CAE36E382CF1881F005512AB = {
						CreatedOnToolsVersion = 16.1;
						TestTargetID = CAE36E222CF1881E005512AB;
					};
					CAE36E422CF1881F005512AB = {
						CreatedOnToolsVersion = 16.1;
						TestTargetID = CAE36E222CF1881E005512AB;
					};
				};
			};
			buildConfigurationList = CAE36E1E2CF1881E005512AB /* Build configuration list for PBXProject "2210992504_test2" */;
			developmentRegion = en;
			hasScannedForEncodings = 0;
			knownRegions = (
				en,
				Base,
			);
			mainGroup = CAE36E1A2CF1881E005512AB;
			minimizedProjectReferenceProxies = 1;
			preferredProjectObjectVersion = 77;
			productRefGroup = CAE36E242CF1881E005512AB /* Products */;
			projectDirPath = "";
			projectRoot = "";
			targets = (
				CAE36E222CF1881E005512AB /* 2210992504_test2 */,
				CAE36E382CF1881F005512AB /* 2210992504_test2Tests */,
				CAE36E422CF1881F005512AB /* 2210992504_test2UITests */,
			);
		};
/* End PBXProject section */

/* Begin PBXResourcesBuildPhase section */
		CAE36E212CF1881E005512AB /* Resources */ = {
			isa = PBXResourcesBuildPhase;
			buildActionMask = 2147483647;
			files = (
			);
			runOnlyForDeploymentPostprocessing = 0;
		};
		CAE36E372CF1881F005512AB /* Resources */ = {
			isa = PBXResourcesBuildPhase;
			buildActionMask = 2147483647;
			files = (
			);
			runOnlyForDeploymentPostprocessing = 0;
		};
		CAE36E412CF1881F005512AB /* Resources */ = {
			isa = PBXResourcesBuildPhase;
			buildActionMask = 2147483647;
			files = (
			);
			runOnlyForDeploymentPostprocessing = 0;
		};
/* End PBXResourcesBuildPhase section */

/* Begin PBXSourcesBuildPhase section */
		CAE36E1F2CF1881E005512AB /* Sources */ = {
			isa = PBXSourcesBuildPhase;
			buildActionMask = 2147483647;
			files = (
			);
			runOnlyForDeploymentPostprocessing = 0;
		};
		CAE36E352CF1881F005512AB /* Sources */ = {
			isa = PBXSourcesBuildPhase;
			buildActionMask = 2147483647;
			files = (
			);
			runOnlyForDeploymentPostprocessing = 0;
		};
		CAE36E3F2CF1881F005512AB /* Sources */ = {
			isa = PBXSourcesBuildPhase;
			buildActionMask = 2147483647;
			files = (
			);
			runOnlyForDeploymentPostprocessing = 0;
		};
/* End PBXSourcesBuildPhase section */

/* Begin PBXTargetDependency section */
		CAE36E3B2CF1881F005512AB /* PBXTargetDependency */ = {
			isa = PBXTargetDependency;
			target = CAE36E222CF1881E005512AB /* 2210992504_test2 */;
			targetProxy = CAE36E3A2CF1881F005512AB /* PBXContainerItemProxy */;
		};
		CAE36E452CF1881F005512AB /* PBXTargetDependency */ = {
			isa = PBXTargetDependency;
			target = CAE36E222CF1881E005512AB /* 2210992504_test2 */;
			targetProxy = CAE36E442CF1881F005512AB /* PBXContainerItemProxy */;
		};
/* End PBXTargetDependency section */

/* Begin XCBuildConfiguration section */
		CAE36E4D2CF1881F005512AB /* Debug */ = {
			isa = XCBuildConfiguration;
			buildSettings = {
				ASSETCATALOG_COMPILER_APPICON_NAME = AppIcon;
				ASSETCATALOG_COMPILER_GLOBAL_ACCENT_COLOR_NAME = AccentColor;
				CODE_SIGN_STYLE = Automatic;
				CURRENT_PROJECT_VERSION = 1;
				GENERATE_INFOPLIST_FILE = YES;
				INFOPLIST_FILE = 2210992504_test2/Info.plist;
				INFOPLIST_KEY_UIApplicationSupportsIndirectInputEvents = YES;
				INFOPLIST_KEY_UILaunchStoryboardName = LaunchScreen;
				INFOPLIST_KEY_UIMainStoryboardFile = Main;
				INFOPLIST_KEY_UISupportedInterfaceOrientations_iPad = "UIInterfaceOrientationPortrait UIInterfaceOrientationPortraitUpsideDown UIInterfaceOrientationLandscapeLeft UIInterfaceOrientationLandscapeRight";
				INFOPLIST_KEY_UISupportedInterfaceOrientations_iPhone = "UIInterfaceOrientationPortrait UIInterfaceOrientationLandscapeLeft UIInterfaceOrientationLandscapeRight";
				LD_RUNPATH_SEARCH_PATHS = (
					"$(inherited)",
					"@executable_path/Frameworks",
				);
				MARKETING_VERSION = 1.0;
				PRODUCT_BUNDLE_IDENTIFIER = "com.identifier.-210992504-test2";
				PRODUCT_NAME = "$(TARGET_NAME)";
				SWIFT_EMIT_LOC_STRINGS = YES;
				SWIFT_VERSION = 5.0;
				TARGETED_DEVICE_FAMILY = "1,2";
			};
			name = Debug;
		};
		CAE36E4E2CF1881F005512AB /* Release */ = {
			isa = XCBuildConfiguration;
			buildSettings = {
				ASSETCATALOG_COMPILER_APPICON_NAME = AppIcon;
				ASSETCATALOG_COMPILER_GLOBAL_ACCENT_COLOR_NAME = AccentColor;
				CODE_SIGN_STYLE = Automatic;
				CURRENT_PROJECT_VERSION = 1;
				GENERATE_INFOPLIST_FILE = YES;
				INFOPLIST_FILE = 2210992504_test2/Info.plist;
				INFOPLIST_KEY_UIApplicationSupportsIndirectInputEvents = YES;
				INFOPLIST_KEY_UILaunchStoryboardName = LaunchScreen;
				INFOPLIST_KEY_UIMainStoryboardFile = Main;
				INFOPLIST_KEY_UISupportedInterfaceOrientations_iPad = "UIInterfaceOrientationPortrait UIInterfaceOrientationPortraitUpsideDown UIInterfaceOrientationLandscapeLeft UIInterfaceOrientationLandscapeRight";
				INFOPLIST_KEY_UISupportedInterfaceOrientations_iPhone = "UIInterfaceOrientationPortrait UIInterfaceOrientationLandscapeLeft UIInterfaceOrientationLandscapeRight";
				LD_RUNPATH_SEARCH_PATHS = (
					"$(inherited)",
					"@executable_path/Frameworks",
				);
				MARKETING_VERSION = 1.0;
				PRODUCT_BUNDLE_IDENTIFIER = "com.identifier.-210992504-test2";
				PRODUCT_NAME = "$(TARGET_NAME)";
				SWIFT_EMIT_LOC_STRINGS = YES;
				SWIFT_VERSION = 5.0;
				TARGETED_DEVICE_FAMILY = "1,2";
			};
			name = Release;
		};
		CAE36E4F2CF1881F005512AB /* Debug */ = {
			isa = XCBuildConfiguration;
			buildSettings = {
				ALWAYS_SEARCH_USER_PATHS = NO;
				ASSETCATALOG_COMPILER_GENERATE_SWIFT_ASSET_SYMBOL_EXTENSIONS = YES;
				CLANG_ANALYZER_NONNULL = YES;
				CLANG_ANALYZER_NUMBER_OBJECT_CONVERSION = YES_AGGRESSIVE;
				CLANG_CXX_LANGUAGE_STANDARD = "gnu++20";
				CLANG_ENABLE_MODULES = YES;
				CLANG_ENABLE_OBJC_ARC = YES;
				CLANG_ENABLE_OBJC_WEAK = YES;
				CLANG_WARN_BLOCK_CAPTURE_AUTORELEASING = YES;
				CLANG_WARN_BOOL_CONVERSION = YES;
				CLANG_WARN_COMMA = YES;
				CLANG_WARN_CONSTANT_CONVERSION = YES;
				CLANG_WARN_DEPRECATED_OBJC_IMPLEMENTATIONS = YES;
				CLANG_WARN_DIRECT_OBJC_ISA_USAGE = YES_ERROR;
				CLANG_WARN_DOCUMENTATION_COMMENTS = YES;
				CLANG_WARN_EMPTY_BODY = YES;
				CLANG_WARN_ENUM_CONVERSION = YES;
				CLANG_WARN_INFINITE_RECURSION = YES;
				CLANG_WARN_INT_CONVERSION = YES;
				CLANG_WARN_NON_LITERAL_NULL_CONVERSION = YES;
				CLANG_WARN_OBJC_IMPLICIT_RETAIN_SELF = YES;
				CLANG_WARN_OBJC_LITERAL_CONVERSION = YES;
				CLANG_WARN_OBJC_ROOT_CLASS = YES_ERROR;
				CLANG_WARN_QUOTED_INCLUDE_IN_FRAMEWORK_HEADER = YES;
				CLANG_WARN_RANGE_LOOP_ANALYSIS = YES;
				CLANG_WARN_STRICT_PROTOTYPES = YES;
				CLANG_WARN_SUSPICIOUS_MOVE = YES;
				CLANG_WARN_UNGUARDED_AVAILABILITY = YES_AGGRESSIVE;
				CLANG_WARN_UNREACHABLE_CODE = YES;
				CLANG_WARN__DUPLICATE_METHOD_MATCH = YES;
				COPY_PHASE_STRIP = NO;
				DEBUG_INFORMATION_FORMAT = dwarf;
				ENABLE_STRICT_OBJC_MSGSEND = YES;
				ENABLE_TESTABILITY = YES;
				ENABLE_USER_SCRIPT_SANDBOXING = YES;
				GCC_C_LANGUAGE_STANDARD = gnu17;
				GCC_DYNAMIC_NO_PIC = NO;
				GCC_NO_COMMON_BLOCKS = YES;
				GCC_OPTIMIZATION_LEVEL = 0;
				GCC_PREPROCESSOR_DEFINITIONS = (
					"DEBUG=1",
					"$(inherited)",
				);
				GCC_WARN_64_TO_32_BIT_CONVERSION = YES;
				GCC_WARN_ABOUT_RETURN_TYPE = YES_ERROR;
				GCC_WARN_UNDECLARED_SELECTOR = YES;
				GCC_WARN_UNINITIALIZED_AUTOS = YES_AGGRESSIVE;
				GCC_WARN_UNUSED_FUNCTION = YES;
				GCC_WARN_UNUSED_VARIABLE = YES;
				IPHONEOS_DEPLOYMENT_TARGET = 18.1;
				LOCALIZATION_PREFERS_STRING_CATALOGS = YES;
				MTL_ENABLE_DEBUG_INFO = INCLUDE_SOURCE;
				MTL_FAST_MATH = YES;
				ONLY_ACTIVE_ARCH = YES;
				SDKROOT = iphoneos;
				SWIFT_ACTIVE_COMPILATION_CONDITIONS = "DEBUG $(inherited)";
				SWIFT_OPTIMIZATION_LEVEL = "-Onone";
			};
			name = Debug;
		};
		CAE36E502CF1881F005512AB /* Release */ = {
			isa = XCBuildConfiguration;
			buildSettings = {
				ALWAYS_SEARCH_USER_PATHS = NO;
				ASSETCATALOG_COMPILER_GENERATE_SWIFT_ASSET_SYMBOL_EXTENSIONS = YES;
				CLANG_ANALYZER_NONNULL = YES;
				CLANG_ANALYZER_NUMBER_OBJECT_CONVERSION = YES_AGGRESSIVE;
				CLANG_CXX_LANGUAGE_STANDARD = "gnu++20";
				CLANG_ENABLE_MODULES = YES;
				CLANG_ENABLE_OBJC_ARC = YES;
				CLANG_ENABLE_OBJC_WEAK = YES;
				CLANG_WARN_BLOCK_CAPTURE_AUTORELEASING = YES;
				CLANG_WARN_BOOL_CONVERSION = YES;
				CLANG_WARN_COMMA = YES;
				CLANG_WARN_CONSTANT_CONVERSION = YES;
				CLANG_WARN_DEPRECATED_OBJC_IMPLEMENTATIONS = YES;
				CLANG_WARN_DIRECT_OBJC_ISA_USAGE = YES_ERROR;
				CLANG_WARN_DOCUMENTATION_COMMENTS = YES;
				CLANG_WARN_EMPTY_BODY = YES;
				CLANG_WARN_ENUM_CONVERSION = YES;
				CLANG_WARN_INFINITE_RECURSION = YES;
				CLANG_WARN_INT_CONVERSION = YES;
				CLANG_WARN_NON_LITERAL_NULL_CONVERSION = YES;
				CLANG_WARN_OBJC_IMPLICIT_RETAIN_SELF = YES;
				CLANG_WARN_OBJC_LITERAL_CONVERSION = YES;
				CLANG_WARN_OBJC_ROOT_CLASS = YES_ERROR;
				CLANG_WARN_QUOTED_INCLUDE_IN_FRAMEWORK_HEADER = YES;
				CLANG_WARN_RANGE_LOOP_ANALYSIS = YES;
				CLANG_WARN_STRICT_PROTOTYPES = YES;
				CLANG_WARN_SUSPICIOUS_MOVE = YES;
				CLANG_WARN_UNGUARDED_AVAILABILITY = YES_AGGRESSIVE;
				CLANG_WARN_UNREACHABLE_CODE = YES;
				CLANG_WARN__DUPLICATE_METHOD_MATCH = YES;
				COPY_PHASE_STRIP = NO;
				DEBUG_INFORMATION_FORMAT = "dwarf-with-dsym";
				ENABLE_NS_ASSERTIONS = NO;
				ENABLE_STRICT_OBJC_MSGSEND = YES;
				ENABLE_USER_SCRIPT_SANDBOXING = YES;
				GCC_C_LANGUAGE_STANDARD = gnu17;
				GCC_NO_COMMON_BLOCKS = YES;
				GCC_WARN_64_TO_32_BIT_CONVERSION = YES;
				GCC_WARN_ABOUT_RETURN_TYPE = YES_ERROR;
				GCC_WARN_UNDECLARED_SELECTOR = YES;
				GCC_WARN_UNINITIALIZED_AUTOS = YES_AGGRESSIVE;
				GCC_WARN_UNUSED_FUNCTION = YES;
				GCC_WARN_UNUSED_VARIABLE = YES;
				IPHONEOS_DEPLOYMENT_TARGET = 18.1;
				LOCALIZATION_PREFERS_STRING_CATALOGS = YES;
				MTL_ENABLE_DEBUG_INFO = NO;
				MTL_FAST_MATH = YES;
				SDKROOT = iphoneos;
				SWIFT_COMPILATION_MODE = wholemodule;
				VALIDATE_PRODUCT = YES;
			};
			name = Release;
		};
		CAE36E522CF1881F005512AB /* Debug */ = {
			isa = XCBuildConfiguration;
			buildSettings = {
				BUNDLE_LOADER = "$(TEST_HOST)";
				CODE_SIGN_STYLE = Automatic;
				CURRENT_PROJECT_VERSION = 1;
				GENERATE_INFOPLIST_FILE = YES;
				IPHONEOS_DEPLOYMENT_TARGET = 18.1;
				MARKETING_VERSION = 1.0;
				PRODUCT_BUNDLE_IDENTIFIER = "com.identifier.-210992504-test2Tests";
				PRODUCT_NAME = "$(TARGET_NAME)";
				SWIFT_EMIT_LOC_STRINGS = NO;
				SWIFT_VERSION = 5.0;
				TARGETED_DEVICE_FAMILY = "1,2";
				TEST_HOST = "$(BUILT_PRODUCTS_DIR)/2210992504_test2.app/$(BUNDLE_EXECUTABLE_FOLDER_PATH)/2210992504_test2";
			};
			name = Debug;
		};
		CAE36E532CF1881F005512AB /* Release */ = {
			isa = XCBuildConfiguration;
			buildSettings = {
				BUNDLE_LOADER = "$(TEST_HOST)";
				CODE_SIGN_STYLE = Automatic;
				CURRENT_PROJECT_VERSION = 1;
				GENERATE_INFOPLIST_FILE = YES;
				IPHONEOS_DEPLOYMENT_TARGET = 18.1;
				MARKETING_VERSION = 1.0;
				PRODUCT_BUNDLE_IDENTIFIER = "com.identifier.-210992504-test2Tests";
				PRODUCT_NAME = "$(TARGET_NAME)";
				SWIFT_EMIT_LOC_STRINGS = NO;
				SWIFT_VERSION = 5.0;
				TARGETED_DEVICE_FAMILY = "1,2";
				TEST_HOST = "$(BUILT_PRODUCTS_DIR)/2210992504_test2.app/$(BUNDLE_EXECUTABLE_FOLDER_PATH)/2210992504_test2";
			};
			name = Release;
		};
		CAE36E552CF1881F005512AB /* Debug */ = {
			isa = XCBuildConfiguration;
			buildSettings = {
				CODE_SIGN_STYLE = Automatic;
				CURRENT_PROJECT_VERSION = 1;
				GENERATE_INFOPLIST_FILE = YES;
				MARKETING_VERSION = 1.0;
				PRODUCT_BUNDLE_IDENTIFIER = "com.identifier.-210992504-test2UITests";
				PRODUCT_NAME = "$(TARGET_NAME)";
				SWIFT_EMIT_LOC_STRINGS = NO;
				SWIFT_VERSION = 5.0;
				TARGETED_DEVICE_FAMILY = "1,2";
				TEST_TARGET_NAME = 2210992504_test2;
			};
			name = Debug;
		};
		CAE36E562CF1881F005512AB /* Release */ = {
			isa = XCBuildConfiguration;
			buildSettings = {
				CODE_SIGN_STYLE = Automatic;
				CURRENT_PROJECT_VERSION = 1;
				GENERATE_INFOPLIST_FILE = YES;
				MARKETING_VERSION = 1.0;
				PRODUCT_BUNDLE_IDENTIFIER = "com.identifier.-210992504-test2UITests";
				PRODUCT_NAME = "$(TARGET_NAME)";
				SWIFT_EMIT_LOC_STRINGS = NO;
				SWIFT_VERSION = 5.0;
				TARGETED_DEVICE_FAMILY = "1,2";
				TEST_TARGET_NAME = 2210992504_test2;
			};
			name = Release;
		};
/* End XCBuildConfiguration section */

/* Begin XCConfigurationList section */
		CAE36E1E2CF1881E005512AB /* Build configuration list for PBXProject "2210992504_test2" */ = {
			isa = XCConfigurationList;
			buildConfigurations = (
				CAE36E4F2CF1881F005512AB /* Debug */,
				CAE36E502CF1881F005512AB /* Release */,
			);
			defaultConfigurationIsVisible = 0;
			defaultConfigurationName = Release;
		};
		CAE36E4C2CF1881F005512AB /* Build configuration list for PBXNativeTarget "2210992504_test2" */ = {
			isa = XCConfigurationList;
			buildConfigurations = (
				CAE36E4D2CF1881F005512AB /* Debug */,
				CAE36E4E2CF1881F005512AB /* Release */,
			);
			defaultConfigurationIsVisible = 0;
			defaultConfigurationName = Release;
		};
		CAE36E512CF1881F005512AB /* Build configuration list for PBXNativeTarget "2210992504_test2Tests" */ = {
			isa = XCConfigurationList;
			buildConfigurations = (
				CAE36E522CF1881F005512AB /* Debug */,
				CAE36E532CF1881F005512AB /* Release */,
			);
			defaultConfigurationIsVisible = 0;
			defaultConfigurationName = Release;
		};
		CAE36E542CF1881F005512AB /* Build configuration list for PBXNativeTarget "2210992504_test2UITests" */ = {
			isa = XCConfigurationList;
			buildConfigurations = (
				CAE36E552CF1881F005512AB /* Debug */,
				CAE36E562CF1881F005512AB /* Release */,
			);
			defaultConfigurationIsVisible = 0;
			defaultConfigurationName = Release;
		};
/* End XCConfigurationList section */
	};
	rootObject = CAE36E1B2CF1881E005512AB /* Project object */;
}
